// !$*UTF8*$!
{
	archiveVersion = 1;
	classes = {
	};
	objectVersion = 56;
	objects = {

/* Begin PBXBuildFile section */
		AC20242D2BC151070007E156 /* RAGESSApp.swift in Sources */ = {isa = PBXBuildFile; fileRef = AC20242C2BC151070007E156 /* RAGESSApp.swift */; };
		AC2024312BC151090007E156 /* Assets.xcassets in Resources */ = {isa = PBXBuildFile; fileRef = AC2024302BC151090007E156 /* Assets.xcassets */; };
		AC2024342BC151090007E156 /* Preview Assets.xcassets in Resources */ = {isa = PBXBuildFile; fileRef = AC2024332BC151090007E156 /* Preview Assets.xcassets */; };
		ACCC9C342BD5114800C5F469 /* DebugView in Frameworks */ = {isa = PBXBuildFile; productRef = ACCC9C332BD5114800C5F469 /* DebugView */; };
		ACD617EC2BFBA4AA00206D0B /* RAGESSView in Frameworks */ = {isa = PBXBuildFile; productRef = ACD617EB2BFBA4AA00206D0B /* RAGESSView */; };
/* End PBXBuildFile section */

/* Begin PBXContainerItemProxy section */
		AC20243B2BC151090007E156 /* PBXContainerItemProxy */ = {
			isa = PBXContainerItemProxy;
			containerPortal = AC2024212BC151070007E156 /* Project object */;
			proxyType = 1;
			remoteGlobalIDString = AC2024282BC151070007E156;
			remoteInfo = RAGESS;
		};
		AC2024452BC151090007E156 /* PBXContainerItemProxy */ = {
			isa = PBXContainerItemProxy;
			containerPortal = AC2024212BC151070007E156 /* Project object */;
			proxyType = 1;
			remoteGlobalIDString = AC2024282BC151070007E156;
			remoteInfo = RAGESS;
		};
/* End PBXContainerItemProxy section */

/* Begin PBXFileReference section */
		AC2024292BC151070007E156 /* RAGESS.app */ = {isa = PBXFileReference; explicitFileType = wrapper.application; includeInIndex = 0; path = RAGESS.app; sourceTree = BUILT_PRODUCTS_DIR; };
		AC20242C2BC151070007E156 /* RAGESSApp.swift */ = {isa = PBXFileReference; lastKnownFileType = sourcecode.swift; path = RAGESSApp.swift; sourceTree = "<group>"; };
		AC2024302BC151090007E156 /* Assets.xcassets */ = {isa = PBXFileReference; lastKnownFileType = folder.assetcatalog; path = Assets.xcassets; sourceTree = "<group>"; };
		AC2024332BC151090007E156 /* Preview Assets.xcassets */ = {isa = PBXFileReference; lastKnownFileType = folder.assetcatalog; path = "Preview Assets.xcassets"; sourceTree = "<group>"; };
		AC2024352BC151090007E156 /* RAGESS.entitlements */ = {isa = PBXFileReference; lastKnownFileType = text.plist.entitlements; path = RAGESS.entitlements; sourceTree = "<group>"; };
		AC20243A2BC151090007E156 /* RAGESSTests.xctest */ = {isa = PBXFileReference; explicitFileType = wrapper.cfbundle; includeInIndex = 0; path = RAGESSTests.xctest; sourceTree = BUILT_PRODUCTS_DIR; };
		AC2024442BC151090007E156 /* RAGESSUITests.xctest */ = {isa = PBXFileReference; explicitFileType = wrapper.cfbundle; includeInIndex = 0; path = RAGESSUITests.xctest; sourceTree = BUILT_PRODUCTS_DIR; };
		AC2024582BC154430007E156 /* RAGESS */ = {isa = PBXFileReference; lastKnownFileType = wrapper; path = RAGESS; sourceTree = "<group>"; };
/* End PBXFileReference section */

/* Begin PBXFrameworksBuildPhase section */
		AC2024262BC151070007E156 /* Frameworks */ = {
			isa = PBXFrameworksBuildPhase;
			buildActionMask = 2147483647;
			files = (
				ACD617EC2BFBA4AA00206D0B /* RAGESSView in Frameworks */,
				ACCC9C342BD5114800C5F469 /* DebugView in Frameworks */,
			);
			runOnlyForDeploymentPostprocessing = 0;
		};
		AC2024372BC151090007E156 /* Frameworks */ = {
			isa = PBXFrameworksBuildPhase;
			buildActionMask = 2147483647;
			files = (
			);
			runOnlyForDeploymentPostprocessing = 0;
		};
		AC2024412BC151090007E156 /* Frameworks */ = {
			isa = PBXFrameworksBuildPhase;
			buildActionMask = 2147483647;
			files = (
			);
			runOnlyForDeploymentPostprocessing = 0;
		};
/* End PBXFrameworksBuildPhase section */

/* Begin PBXGroup section */
		AC2024202BC151070007E156 = {
			isa = PBXGroup;
			children = (
				AC2024582BC154430007E156 /* RAGESS */,
				AC20242B2BC151070007E156 /* macOS */,
				AC20242A2BC151070007E156 /* Products */,
				AC47CE252BC280B4003F791F /* Frameworks */,
			);
			sourceTree = "<group>";
		};
		AC20242A2BC151070007E156 /* Products */ = {
			isa = PBXGroup;
			children = (
				AC2024292BC151070007E156 /* RAGESS.app */,
				AC20243A2BC151090007E156 /* RAGESSTests.xctest */,
				AC2024442BC151090007E156 /* RAGESSUITests.xctest */,
			);
			name = Products;
			sourceTree = "<group>";
		};
		AC20242B2BC151070007E156 /* macOS */ = {
			isa = PBXGroup;
			children = (
				AC20242C2BC151070007E156 /* RAGESSApp.swift */,
				AC2024302BC151090007E156 /* Assets.xcassets */,
				AC2024352BC151090007E156 /* RAGESS.entitlements */,
				AC2024322BC151090007E156 /* Preview Content */,
			);
			path = macOS;
			sourceTree = "<group>";
		};
		AC2024322BC151090007E156 /* Preview Content */ = {
			isa = PBXGroup;
			children = (
				AC2024332BC151090007E156 /* Preview Assets.xcassets */,
			);
			path = "Preview Content";
			sourceTree = "<group>";
		};
		AC47CE252BC280B4003F791F /* Frameworks */ = {
			isa = PBXGroup;
			children = (
			);
			name = Frameworks;
			sourceTree = "<group>";
		};
/* End PBXGroup section */

/* Begin PBXNativeTarget section */
		AC2024282BC151070007E156 /* RAGESS */ = {
			isa = PBXNativeTarget;
			buildConfigurationList = AC20244E2BC151090007E156 /* Build configuration list for PBXNativeTarget "RAGESS" */;
			buildPhases = (
				AC2024252BC151070007E156 /* Sources */,
				AC2024262BC151070007E156 /* Frameworks */,
				AC2024272BC151070007E156 /* Resources */,
			);
			buildRules = (
			);
			dependencies = (
			);
			name = RAGESS;
			packageProductDependencies = (
				ACCC9C332BD5114800C5F469 /* DebugView */,
				ACD617EB2BFBA4AA00206D0B /* RAGESSView */,
			);
			productName = RAGESS;
			productReference = AC2024292BC151070007E156 /* RAGESS.app */;
			productType = "com.apple.product-type.application";
		};
		AC2024392BC151090007E156 /* RAGESSTests */ = {
			isa = PBXNativeTarget;
			buildConfigurationList = AC2024512BC151090007E156 /* Build configuration list for PBXNativeTarget "RAGESSTests" */;
			buildPhases = (
				AC2024362BC151090007E156 /* Sources */,
				AC2024372BC151090007E156 /* Frameworks */,
				AC2024382BC151090007E156 /* Resources */,
			);
			buildRules = (
			);
			dependencies = (
				AC20243C2BC151090007E156 /* PBXTargetDependency */,
			);
			name = RAGESSTests;
			productName = RAGESSTests;
			productReference = AC20243A2BC151090007E156 /* RAGESSTests.xctest */;
			productType = "com.apple.product-type.bundle.unit-test";
		};
		AC2024432BC151090007E156 /* RAGESSUITests */ = {
			isa = PBXNativeTarget;
			buildConfigurationList = AC2024542BC151090007E156 /* Build configuration list for PBXNativeTarget "RAGESSUITests" */;
			buildPhases = (
				AC2024402BC151090007E156 /* Sources */,
				AC2024412BC151090007E156 /* Frameworks */,
				AC2024422BC151090007E156 /* Resources */,
			);
			buildRules = (
			);
			dependencies = (
				AC2024462BC151090007E156 /* PBXTargetDependency */,
			);
			name = RAGESSUITests;
			productName = RAGESSUITests;
			productReference = AC2024442BC151090007E156 /* RAGESSUITests.xctest */;
			productType = "com.apple.product-type.bundle.ui-testing";
		};
/* End PBXNativeTarget section */

/* Begin PBXProject section */
		AC2024212BC151070007E156 /* Project object */ = {
			isa = PBXProject;
			attributes = {
				BuildIndependentTargetsInParallel = 1;
				LastSwiftUpdateCheck = 1520;
				LastUpgradeCheck = 1520;
				TargetAttributes = {
					AC2024282BC151070007E156 = {
						CreatedOnToolsVersion = 15.2;
					};
					AC2024392BC151090007E156 = {
						CreatedOnToolsVersion = 15.2;
						TestTargetID = AC2024282BC151070007E156;
					};
					AC2024432BC151090007E156 = {
						CreatedOnToolsVersion = 15.2;
						TestTargetID = AC2024282BC151070007E156;
					};
				};
			};
			buildConfigurationList = AC2024242BC151070007E156 /* Build configuration list for PBXProject "RAGESS" */;
			compatibilityVersion = "Xcode 14.0";
			developmentRegion = en;
			hasScannedForEncodings = 0;
			knownRegions = (
				en,
				Base,
			);
			mainGroup = AC2024202BC151070007E156;
			productRefGroup = AC20242A2BC151070007E156 /* Products */;
			projectDirPath = "";
			projectRoot = "";
			targets = (
				AC2024282BC151070007E156 /* RAGESS */,
				AC2024392BC151090007E156 /* RAGESSTests */,
				AC2024432BC151090007E156 /* RAGESSUITests */,
			);
		};
/* End PBXProject section */

/* Begin PBXResourcesBuildPhase section */
		AC2024272BC151070007E156 /* Resources */ = {
			isa = PBXResourcesBuildPhase;
			buildActionMask = 2147483647;
			files = (
				AC2024342BC151090007E156 /* Preview Assets.xcassets in Resources */,
				AC2024312BC151090007E156 /* Assets.xcassets in Resources */,
			);
			runOnlyForDeploymentPostprocessing = 0;
		};
		AC2024382BC151090007E156 /* Resources */ = {
			isa = PBXResourcesBuildPhase;
			buildActionMask = 2147483647;
			files = (
			);
			runOnlyForDeploymentPostprocessing = 0;
		};
		AC2024422BC151090007E156 /* Resources */ = {
			isa = PBXResourcesBuildPhase;
			buildActionMask = 2147483647;
			files = (
			);
			runOnlyForDeploymentPostprocessing = 0;
		};
/* End PBXResourcesBuildPhase section */

/* Begin PBXSourcesBuildPhase section */
		AC2024252BC151070007E156 /* Sources */ = {
			isa = PBXSourcesBuildPhase;
			buildActionMask = 2147483647;
			files = (
				AC20242D2BC151070007E156 /* RAGESSApp.swift in Sources */,
			);
			runOnlyForDeploymentPostprocessing = 0;
		};
		AC2024362BC151090007E156 /* Sources */ = {
			isa = PBXSourcesBuildPhase;
			buildActionMask = 2147483647;
			files = (
			);
			runOnlyForDeploymentPostprocessing = 0;
		};
		AC2024402BC151090007E156 /* Sources */ = {
			isa = PBXSourcesBuildPhase;
			buildActionMask = 2147483647;
			files = (
			);
			runOnlyForDeploymentPostprocessing = 0;
		};
/* End PBXSourcesBuildPhase section */

/* Begin PBXTargetDependency section */
		AC20243C2BC151090007E156 /* PBXTargetDependency */ = {
			isa = PBXTargetDependency;
			target = AC2024282BC151070007E156 /* RAGESS */;
			targetProxy = AC20243B2BC151090007E156 /* PBXContainerItemProxy */;
		};
		AC2024462BC151090007E156 /* PBXTargetDependency */ = {
			isa = PBXTargetDependency;
			target = AC2024282BC151070007E156 /* RAGESS */;
			targetProxy = AC2024452BC151090007E156 /* PBXContainerItemProxy */;
		};
/* End PBXTargetDependency section */

/* Begin XCBuildConfiguration section */
		AC20244C2BC151090007E156 /* Debug */ = {
			isa = XCBuildConfiguration;
			buildSettings = {
				ALWAYS_SEARCH_USER_PATHS = NO;
				ASSETCATALOG_COMPILER_GENERATE_SWIFT_ASSET_SYMBOL_EXTENSIONS = YES;
				CLANG_ANALYZER_NONNULL = YES;
				CLANG_ANALYZER_NUMBER_OBJECT_CONVERSION = YES_AGGRESSIVE;
				CLANG_CXX_LANGUAGE_STANDARD = "gnu++20";
				CLANG_ENABLE_MODULES = YES;
				CLANG_ENABLE_OBJC_ARC = YES;
				CLANG_ENABLE_OBJC_WEAK = YES;
				CLANG_WARN_BLOCK_CAPTURE_AUTORELEASING = YES;
				CLANG_WARN_BOOL_CONVERSION = YES;
				CLANG_WARN_COMMA = YES;
				CLANG_WARN_CONSTANT_CONVERSION = YES;
				CLANG_WARN_DEPRECATED_OBJC_IMPLEMENTATIONS = YES;
				CLANG_WARN_DIRECT_OBJC_ISA_USAGE = YES_ERROR;
				CLANG_WARN_DOCUMENTATION_COMMENTS = YES;
				CLANG_WARN_EMPTY_BODY = YES;
				CLANG_WARN_ENUM_CONVERSION = YES;
				CLANG_WARN_INFINITE_RECURSION = YES;
				CLANG_WARN_INT_CONVERSION = YES;
				CLANG_WARN_NON_LITERAL_NULL_CONVERSION = YES;
				CLANG_WARN_OBJC_IMPLICIT_RETAIN_SELF = YES;
				CLANG_WARN_OBJC_LITERAL_CONVERSION = YES;
				CLANG_WARN_OBJC_ROOT_CLASS = YES_ERROR;
				CLANG_WARN_QUOTED_INCLUDE_IN_FRAMEWORK_HEADER = YES;
				CLANG_WARN_RANGE_LOOP_ANALYSIS = YES;
				CLANG_WARN_STRICT_PROTOTYPES = YES;
				CLANG_WARN_SUSPICIOUS_MOVE = YES;
				CLANG_WARN_UNGUARDED_AVAILABILITY = YES_AGGRESSIVE;
				CLANG_WARN_UNREACHABLE_CODE = YES;
				CLANG_WARN__DUPLICATE_METHOD_MATCH = YES;
				CODE_SIGN_ENTITLEMENTS = macOS/RAGESS.entitlements;
				COPY_PHASE_STRIP = NO;
				DEBUG_INFORMATION_FORMAT = dwarf;
				ENABLE_STRICT_OBJC_MSGSEND = YES;
				ENABLE_TESTABILITY = YES;
				ENABLE_USER_SCRIPT_SANDBOXING = YES;
				GCC_C_LANGUAGE_STANDARD = gnu17;
				GCC_DYNAMIC_NO_PIC = NO;
				GCC_NO_COMMON_BLOCKS = YES;
				GCC_OPTIMIZATION_LEVEL = 0;
				GCC_PREPROCESSOR_DEFINITIONS = (
					"DEBUG=1",
					"$(inherited)",
				);
				GCC_WARN_64_TO_32_BIT_CONVERSION = YES;
				GCC_WARN_ABOUT_RETURN_TYPE = YES_ERROR;
				GCC_WARN_UNDECLARED_SELECTOR = YES;
				GCC_WARN_UNINITIALIZED_AUTOS = YES_AGGRESSIVE;
				GCC_WARN_UNUSED_FUNCTION = YES;
				GCC_WARN_UNUSED_VARIABLE = YES;
				LOCALIZATION_PREFERS_STRING_CATALOGS = YES;
				MACOSX_DEPLOYMENT_TARGET = 14.2;
				MTL_ENABLE_DEBUG_INFO = INCLUDE_SOURCE;
				MTL_FAST_MATH = YES;
				ONLY_ACTIVE_ARCH = YES;
				SDKROOT = macosx;
				SWIFT_ACTIVE_COMPILATION_CONDITIONS = "DEBUG $(inherited)";
				SWIFT_OPTIMIZATION_LEVEL = "-Onone";
			};
			name = Debug;
		};
		AC20244D2BC151090007E156 /* Release */ = {
			isa = XCBuildConfiguration;
			buildSettings = {
				ALWAYS_SEARCH_USER_PATHS = NO;
				ASSETCATALOG_COMPILER_GENERATE_SWIFT_ASSET_SYMBOL_EXTENSIONS = YES;
				CLANG_ANALYZER_NONNULL = YES;
				CLANG_ANALYZER_NUMBER_OBJECT_CONVERSION = YES_AGGRESSIVE;
				CLANG_CXX_LANGUAGE_STANDARD = "gnu++20";
				CLANG_ENABLE_MODULES = YES;
				CLANG_ENABLE_OBJC_ARC = YES;
				CLANG_ENABLE_OBJC_WEAK = YES;
				CLANG_WARN_BLOCK_CAPTURE_AUTORELEASING = YES;
				CLANG_WARN_BOOL_CONVERSION = YES;
				CLANG_WARN_COMMA = YES;
				CLANG_WARN_CONSTANT_CONVERSION = YES;
				CLANG_WARN_DEPRECATED_OBJC_IMPLEMENTATIONS = YES;
				CLANG_WARN_DIRECT_OBJC_ISA_USAGE = YES_ERROR;
				CLANG_WARN_DOCUMENTATION_COMMENTS = YES;
				CLANG_WARN_EMPTY_BODY = YES;
				CLANG_WARN_ENUM_CONVERSION = YES;
				CLANG_WARN_INFINITE_RECURSION = YES;
				CLANG_WARN_INT_CONVERSION = YES;
				CLANG_WARN_NON_LITERAL_NULL_CONVERSION = YES;
				CLANG_WARN_OBJC_IMPLICIT_RETAIN_SELF = YES;
				CLANG_WARN_OBJC_LITERAL_CONVERSION = YES;
				CLANG_WARN_OBJC_ROOT_CLASS = YES_ERROR;
				CLANG_WARN_QUOTED_INCLUDE_IN_FRAMEWORK_HEADER = YES;
				CLANG_WARN_RANGE_LOOP_ANALYSIS = YES;
				CLANG_WARN_STRICT_PROTOTYPES = YES;
				CLANG_WARN_SUSPICIOUS_MOVE = YES;
				CLANG_WARN_UNGUARDED_AVAILABILITY = YES_AGGRESSIVE;
				CLANG_WARN_UNREACHABLE_CODE = YES;
				CLANG_WARN__DUPLICATE_METHOD_MATCH = YES;
				CODE_SIGN_ENTITLEMENTS = macOS/RAGESS.entitlements;
				COPY_PHASE_STRIP = NO;
				DEBUG_INFORMATION_FORMAT = "dwarf-with-dsym";
				ENABLE_NS_ASSERTIONS = NO;
				ENABLE_STRICT_OBJC_MSGSEND = YES;
				ENABLE_USER_SCRIPT_SANDBOXING = YES;
				GCC_C_LANGUAGE_STANDARD = gnu17;
				GCC_NO_COMMON_BLOCKS = YES;
				GCC_WARN_64_TO_32_BIT_CONVERSION = YES;
				GCC_WARN_ABOUT_RETURN_TYPE = YES_ERROR;
				GCC_WARN_UNDECLARED_SELECTOR = YES;
				GCC_WARN_UNINITIALIZED_AUTOS = YES_AGGRESSIVE;
				GCC_WARN_UNUSED_FUNCTION = YES;
				GCC_WARN_UNUSED_VARIABLE = YES;
				LOCALIZATION_PREFERS_STRING_CATALOGS = YES;
				MACOSX_DEPLOYMENT_TARGET = 14.2;
				MTL_ENABLE_DEBUG_INFO = NO;
				MTL_FAST_MATH = YES;
				SDKROOT = macosx;
				SWIFT_COMPILATION_MODE = wholemodule;
			};
			name = Release;
		};
		AC20244F2BC151090007E156 /* Debug */ = {
			isa = XCBuildConfiguration;
			buildSettings = {
				ASSETCATALOG_COMPILER_APPICON_NAME = AppIcon;
				ASSETCATALOG_COMPILER_GLOBAL_ACCENT_COLOR_NAME = AccentColor;
				CODE_SIGN_ENTITLEMENTS = macOS/RAGESS.entitlements;
				"CODE_SIGN_IDENTITY[sdk=macosx*]" = "Apple Development";
				CODE_SIGN_STYLE = Automatic;
				COMBINE_HIDPI_IMAGES = YES;
				CURRENT_PROJECT_VERSION = 1;
				DEVELOPMENT_ASSET_PATHS = "";
				DEVELOPMENT_TEAM = Y2VF5F9C77;
				ENABLE_HARDENED_RUNTIME = YES;
				ENABLE_PREVIEWS = YES;
				GENERATE_INFOPLIST_FILE = YES;
				INFOPLIST_KEY_NSHumanReadableCopyright = "";
				LD_RUNPATH_SEARCH_PATHS = (
					"$(inherited)",
					"@executable_path/../Frameworks",
				);
				MARKETING_VERSION = 1.0;
				PRODUCT_BUNDLE_IDENTIFIER = com.gmail.haloupgarou.RAGESS;
				PRODUCT_NAME = "$(TARGET_NAME)";
				SWIFT_EMIT_LOC_STRINGS = YES;
				SWIFT_VERSION = 5.0;
			};
			name = Debug;
		};
		AC2024502BC151090007E156 /* Release */ = {
			isa = XCBuildConfiguration;
			buildSettings = {
				ASSETCATALOG_COMPILER_APPICON_NAME = AppIcon;
				ASSETCATALOG_COMPILER_GLOBAL_ACCENT_COLOR_NAME = AccentColor;
				CODE_SIGN_ENTITLEMENTS = macOS/RAGESS.entitlements;
				"CODE_SIGN_IDENTITY[sdk=macosx*]" = "Apple Development";
				CODE_SIGN_STYLE = Automatic;
				COMBINE_HIDPI_IMAGES = YES;
				CURRENT_PROJECT_VERSION = 1;
				DEVELOPMENT_ASSET_PATHS = "";
				DEVELOPMENT_TEAM = Y2VF5F9C77;
				ENABLE_HARDENED_RUNTIME = YES;
				ENABLE_PREVIEWS = YES;
				GENERATE_INFOPLIST_FILE = YES;
				INFOPLIST_KEY_NSHumanReadableCopyright = "";
				LD_RUNPATH_SEARCH_PATHS = (
					"$(inherited)",
					"@executable_path/../Frameworks",
				);
				MARKETING_VERSION = 1.0;
				PRODUCT_BUNDLE_IDENTIFIER = com.gmail.haloupgarou.RAGESS;
				PRODUCT_NAME = "$(TARGET_NAME)";
				SWIFT_EMIT_LOC_STRINGS = YES;
				SWIFT_VERSION = 5.0;
			};
			name = Release;
		};
		AC2024522BC151090007E156 /* Debug */ = {
			isa = XCBuildConfiguration;
			buildSettings = {
				ALWAYS_EMBED_SWIFT_STANDARD_LIBRARIES = YES;
				BUNDLE_LOADER = "$(TEST_HOST)";
				CODE_SIGN_STYLE = Automatic;
				CURRENT_PROJECT_VERSION = 1;
				DEVELOPMENT_TEAM = Y2VF5F9C77;
				GENERATE_INFOPLIST_FILE = YES;
				MACOSX_DEPLOYMENT_TARGET = 14.2;
				MARKETING_VERSION = 1.0;
				PRODUCT_BUNDLE_IDENTIFIER = com.gmail.haloupgarou.RAGESSTests;
				PRODUCT_NAME = "$(TARGET_NAME)";
				SWIFT_EMIT_LOC_STRINGS = NO;
				SWIFT_VERSION = 5.0;
				TEST_HOST = "$(BUILT_PRODUCTS_DIR)/RAGESS.app/$(BUNDLE_EXECUTABLE_FOLDER_PATH)/RAGESS";
			};
			name = Debug;
		};
		AC2024532BC151090007E156 /* Release */ = {
			isa = XCBuildConfiguration;
			buildSettings = {
				ALWAYS_EMBED_SWIFT_STANDARD_LIBRARIES = YES;
				BUNDLE_LOADER = "$(TEST_HOST)";
				CODE_SIGN_STYLE = Automatic;
				CURRENT_PROJECT_VERSION = 1;
				DEVELOPMENT_TEAM = Y2VF5F9C77;
				GENERATE_INFOPLIST_FILE = YES;
				MACOSX_DEPLOYMENT_TARGET = 14.2;
				MARKETING_VERSION = 1.0;
				PRODUCT_BUNDLE_IDENTIFIER = com.gmail.haloupgarou.RAGESSTests;
				PRODUCT_NAME = "$(TARGET_NAME)";
				SWIFT_EMIT_LOC_STRINGS = NO;
				SWIFT_VERSION = 5.0;
				TEST_HOST = "$(BUILT_PRODUCTS_DIR)/RAGESS.app/$(BUNDLE_EXECUTABLE_FOLDER_PATH)/RAGESS";
			};
			name = Release;
		};
		AC2024552BC151090007E156 /* Debug */ = {
			isa = XCBuildConfiguration;
			buildSettings = {
				ALWAYS_EMBED_SWIFT_STANDARD_LIBRARIES = YES;
				CODE_SIGN_STYLE = Automatic;
				CURRENT_PROJECT_VERSION = 1;
				DEVELOPMENT_TEAM = Y2VF5F9C77;
				GENERATE_INFOPLIST_FILE = YES;
				MARKETING_VERSION = 1.0;
				PRODUCT_BUNDLE_IDENTIFIER = com.gmail.haloupgarou.RAGESSUITests;
				PRODUCT_NAME = "$(TARGET_NAME)";
				SWIFT_EMIT_LOC_STRINGS = NO;
				SWIFT_VERSION = 5.0;
				TEST_TARGET_NAME = RAGESS;
			};
			name = Debug;
		};
		AC2024562BC151090007E156 /* Release */ = {
			isa = XCBuildConfiguration;
			buildSettings = {
				ALWAYS_EMBED_SWIFT_STANDARD_LIBRARIES = YES;
				CODE_SIGN_STYLE = Automatic;
				CURRENT_PROJECT_VERSION = 1;
				DEVELOPMENT_TEAM = Y2VF5F9C77;
				GENERATE_INFOPLIST_FILE = YES;
				MARKETING_VERSION = 1.0;
				PRODUCT_BUNDLE_IDENTIFIER = com.gmail.haloupgarou.RAGESSUITests;
				PRODUCT_NAME = "$(TARGET_NAME)";
				SWIFT_EMIT_LOC_STRINGS = NO;
				SWIFT_VERSION = 5.0;
				TEST_TARGET_NAME = RAGESS;
			};
			name = Release;
		};
/* End XCBuildConfiguration section */

/* Begin XCConfigurationList section */
		AC2024242BC151070007E156 /* Build configuration list for PBXProject "RAGESS" */ = {
			isa = XCConfigurationList;
			buildConfigurations = (
				AC20244C2BC151090007E156 /* Debug */,
				AC20244D2BC151090007E156 /* Release */,
			);
			defaultConfigurationIsVisible = 0;
			defaultConfigurationName = Release;
		};
		AC20244E2BC151090007E156 /* Build configuration list for PBXNativeTarget "RAGESS" */ = {
			isa = XCConfigurationList;
			buildConfigurations = (
				AC20244F2BC151090007E156 /* Debug */,
				AC2024502BC151090007E156 /* Release */,
			);
			defaultConfigurationIsVisible = 0;
			defaultConfigurationName = Release;
		};
		AC2024512BC151090007E156 /* Build configuration list for PBXNativeTarget "RAGESSTests" */ = {
			isa = XCConfigurationList;
			buildConfigurations = (
				AC2024522BC151090007E156 /* Debug */,
				AC2024532BC151090007E156 /* Release */,
			);
			defaultConfigurationIsVisible = 0;
			defaultConfigurationName = Release;
		};
		AC2024542BC151090007E156 /* Build configuration list for PBXNativeTarget "RAGESSUITests" */ = {
			isa = XCConfigurationList;
			buildConfigurations = (
				AC2024552BC151090007E156 /* Debug */,
				AC2024562BC151090007E156 /* Release */,
			);
			defaultConfigurationIsVisible = 0;
			defaultConfigurationName = Release;
		};
/* End XCConfigurationList section */

/* Begin XCSwiftPackageProductDependency section */
		ACCC9C332BD5114800C5F469 /* DebugView */ = {
			isa = XCSwiftPackageProductDependency;
			productName = DebugView;
		};
		ACD617EB2BFBA4AA00206D0B /* RAGESSView */ = {
			isa = XCSwiftPackageProductDependency;
			productName = RAGESSView;
		};
/* End XCSwiftPackageProductDependency section */
	};
	rootObject = AC2024212BC151070007E156 /* Project object */;
}
